
Microsoft Visual Studio Solution File, Format Version 12.00
# Visual Studio Version 16
VisualStudioVersion = 16.0.31025.194
MinimumVisualStudioVersion = 10.0.40219.1
Project("{8BC9CEB8-8B4A-11D0-8D11-00A0C91BC942}") = "DataStructure2-4", "DataStructure2-4\DataStructure2-4.vcxproj", "{27479F89-CD19-4F64-AE94-3B63AA4BF49F}"
EndProject
Global
	GlobalSection(SolutionConfigurationPlatforms) = preSolution
		Debug|x64 = Debug|x64
		Debug|x86 = Debug|x86
		Release|x64 = Release|x64
		Release|x86 = Release|x86
	EndGlobalSection
	GlobalSection(ProjectConfigurationPlatforms) = postSolution
		{27479F89-CD19-4F64-AE94-3B63AA4BF49F}.Debug|x64.ActiveCfg = Debug|x64
		{27479F89-CD19-4F64-AE94-3B63AA4BF49F}.Debug|x64.Build.0 = Debug|x64
		{27479F89-CD19-4F64-AE94-3B63AA4BF49F}.Debug|x86.ActiveCfg = Debug|Win32
		{27479F89-CD19-4F64-AE94-3B63AA4BF49F}.Debug|x86.Build.0 = Debug|Win32
		{27479F89-CD19-4F64-AE94-3B63AA4BF49F}.Release|x64.ActiveCfg = Release|x64
		{27479F89-CD19-4F64-AE94-3B63AA4BF49F}.Release|x64.Build.0 = Release|x64
		{27479F89-CD19-4F64-AE94-3B63AA4BF49F}.Release|x86.ActiveCfg = Release|Win32
		{27479F89-CD19-4F64-AE94-3B63AA4BF49F}.Release|x86.Build.0 = Release|Win32
	EndGlobalSection
	GlobalSection(SolutionProperties) = preSolution
		HideSolutionNode = FALSE
	EndGlobalSection
	GlobalSection(ExtensibilityGlobals) = postSolution
		SolutionGuid = {D84890AA-C628-4877-A015-FF552BA89D68}
	EndGlobalSection
EndGlobal
